
Microsoft Visual Studio Solution File, Format Version 12.00
# Visual Studio Version 16
VisualStudioVersion = 16.0.29326.143
MinimumVisualStudioVersion = 10.0.40219.1
Project("{FAE04EC0-301F-11D3-BF4B-00C04F79EFBC}") = "Departamentos", "Departamentos.csproj", "{CAE98E48-966A-4B43-B3FC-1C827A3EC3E7}"
EndProject
Global
	GlobalSection(SolutionConfigurationPlatforms) = preSolution
		Debug|Any CPU = Debug|Any CPU
		Release|Any CPU = Release|Any CPU
	EndGlobalSection
	GlobalSection(ProjectConfigurationPlatforms) = postSolution
		{CAE98E48-966A-4B43-B3FC-1C827A3EC3E7}.Debug|Any CPU.ActiveCfg = Debug|Any CPU
		{CAE98E48-966A-4B43-B3FC-1C827A3EC3E7}.Debug|Any CPU.Build.0 = Debug|Any CPU
		{CAE98E48-966A-4B43-B3FC-1C827A3EC3E7}.Release|Any CPU.ActiveCfg = Release|Any CPU
		{CAE98E48-966A-4B43-B3FC-1C827A3EC3E7}.Release|Any CPU.Build.0 = Release|Any CPU
	EndGlobalSection
	GlobalSection(SolutionProperties) = preSolution
		HideSolutionNode = FALSE
	EndGlobalSection
	GlobalSection(ExtensibilityGlobals) = postSolution
		SolutionGuid = {9CDD5E2A-D7ED-4204-9294-21F519DC8B94}
	EndGlobalSection
EndGlobal
